
Microsoft Visual Studio Solution File, Format Version 12.00
# Visual Studio Version 17
VisualStudioVersion = 17.0.31903.59
MinimumVisualStudioVersion = 10.0.40219.1
Project("{2150E333-8FDC-42A3-9474-1A3956D46DE8}") = "1 - Presentation", "1 - Presentation", "{045D420A-EEB1-4C7D-A991-38C4E4481463}"
EndProject
Project("{9A19103F-16F7-4668-BE54-9A1E7A4F7556}") = "ExpenseControl.API", "ExpenseControl.API\ExpenseControl.API.csproj", "{11AD1291-FE5C-4C0B-9A9F-36B3362AB45D}"
EndProject
Project("{2150E333-8FDC-42A3-9474-1A3956D46DE8}") = "2 - Application", "2 - Application", "{D307A447-1A72-48AF-A8DD-B5D66B2D5098}"
EndProject
Project("{2150E333-8FDC-42A3-9474-1A3956D46DE8}") = "3 - Domain", "3 - Domain", "{AA0D99D3-B60A-4482-8E6A-52E1BF7D09BD}"
EndProject
Project("{2150E333-8FDC-42A3-9474-1A3956D46DE8}") = "4 - Infraestructure", "4 - Infraestructure", "{3DA91724-AD81-414A-908A-5078CF6E4A9A}"
EndProject
Project("{9A19103F-16F7-4668-BE54-9A1E7A4F7556}") = "ExpenseControl.Application", "ExpenseControl.Application\ExpenseControl.Application.csproj", "{856D8F5D-B1F5-4CF9-9476-B74A7C8AE64F}"
EndProject
Project("{9A19103F-16F7-4668-BE54-9A1E7A4F7556}") = "ExpenseControl.Domain", "ExpenseControl.Domain\ExpenseControl.Domain.csproj", "{444F7F91-4231-4573-BD9A-1534A6DCE94D}"
EndProject
Project("{9A19103F-16F7-4668-BE54-9A1E7A4F7556}") = "ExpenseControl.Infra", "ExpenseControl.Infra\ExpenseControl.Infra.csproj", "{866B0054-435D-4B52-AEF5-376152F9E90B}"
EndProject
Project("{FAE04EC0-301F-11D3-BF4B-00C04F79EFBC}") = "ExpenseControl.CrossCutting", "ExpenseControl.CrossCutting\ExpenseControl.CrossCutting.csproj", "{D82439D6-CBDB-4A30-8AFA-56755C8E57E6}"
EndProject
Project("{FAE04EC0-301F-11D3-BF4B-00C04F79EFBC}") = "ExpenseControl.Domain.Services", "ExpenseControl.Domain.Services\ExpenseControl.Domain.Services.csproj", "{ED8420C6-E9F4-4B00-878A-8302273C2B14}"
EndProject
Global
	GlobalSection(SolutionConfigurationPlatforms) = preSolution
		Debug|Any CPU = Debug|Any CPU
		Release|Any CPU = Release|Any CPU
	EndGlobalSection
	GlobalSection(ProjectConfigurationPlatforms) = postSolution
		{11AD1291-FE5C-4C0B-9A9F-36B3362AB45D}.Debug|Any CPU.ActiveCfg = Debug|Any CPU
		{11AD1291-FE5C-4C0B-9A9F-36B3362AB45D}.Debug|Any CPU.Build.0 = Debug|Any CPU
		{11AD1291-FE5C-4C0B-9A9F-36B3362AB45D}.Release|Any CPU.ActiveCfg = Release|Any CPU
		{11AD1291-FE5C-4C0B-9A9F-36B3362AB45D}.Release|Any CPU.Build.0 = Release|Any CPU
		{856D8F5D-B1F5-4CF9-9476-B74A7C8AE64F}.Debug|Any CPU.ActiveCfg = Debug|Any CPU
		{856D8F5D-B1F5-4CF9-9476-B74A7C8AE64F}.Debug|Any CPU.Build.0 = Debug|Any CPU
		{856D8F5D-B1F5-4CF9-9476-B74A7C8AE64F}.Release|Any CPU.ActiveCfg = Release|Any CPU
		{856D8F5D-B1F5-4CF9-9476-B74A7C8AE64F}.Release|Any CPU.Build.0 = Release|Any CPU
		{444F7F91-4231-4573-BD9A-1534A6DCE94D}.Debug|Any CPU.ActiveCfg = Debug|Any CPU
		{444F7F91-4231-4573-BD9A-1534A6DCE94D}.Debug|Any CPU.Build.0 = Debug|Any CPU
		{444F7F91-4231-4573-BD9A-1534A6DCE94D}.Release|Any CPU.ActiveCfg = Release|Any CPU
		{444F7F91-4231-4573-BD9A-1534A6DCE94D}.Release|Any CPU.Build.0 = Release|Any CPU
		{866B0054-435D-4B52-AEF5-376152F9E90B}.Debug|Any CPU.ActiveCfg = Debug|Any CPU
		{866B0054-435D-4B52-AEF5-376152F9E90B}.Debug|Any CPU.Build.0 = Debug|Any CPU
		{866B0054-435D-4B52-AEF5-376152F9E90B}.Release|Any CPU.ActiveCfg = Release|Any CPU
		{866B0054-435D-4B52-AEF5-376152F9E90B}.Release|Any CPU.Build.0 = Release|Any CPU
		{D82439D6-CBDB-4A30-8AFA-56755C8E57E6}.Debug|Any CPU.ActiveCfg = Debug|Any CPU
		{D82439D6-CBDB-4A30-8AFA-56755C8E57E6}.Debug|Any CPU.Build.0 = Debug|Any CPU
		{D82439D6-CBDB-4A30-8AFA-56755C8E57E6}.Release|Any CPU.ActiveCfg = Release|Any CPU
		{D82439D6-CBDB-4A30-8AFA-56755C8E57E6}.Release|Any CPU.Build.0 = Release|Any CPU
		{ED8420C6-E9F4-4B00-878A-8302273C2B14}.Debug|Any CPU.ActiveCfg = Debug|Any CPU
		{ED8420C6-E9F4-4B00-878A-8302273C2B14}.Debug|Any CPU.Build.0 = Debug|Any CPU
		{ED8420C6-E9F4-4B00-878A-8302273C2B14}.Release|Any CPU.ActiveCfg = Release|Any CPU
		{ED8420C6-E9F4-4B00-878A-8302273C2B14}.Release|Any CPU.Build.0 = Release|Any CPU
	EndGlobalSection
	GlobalSection(SolutionProperties) = preSolution
		HideSolutionNode = FALSE
	EndGlobalSection
	GlobalSection(NestedProjects) = preSolution
		{11AD1291-FE5C-4C0B-9A9F-36B3362AB45D} = {045D420A-EEB1-4C7D-A991-38C4E4481463}
		{856D8F5D-B1F5-4CF9-9476-B74A7C8AE64F} = {D307A447-1A72-48AF-A8DD-B5D66B2D5098}
		{444F7F91-4231-4573-BD9A-1534A6DCE94D} = {AA0D99D3-B60A-4482-8E6A-52E1BF7D09BD}
		{866B0054-435D-4B52-AEF5-376152F9E90B} = {3DA91724-AD81-414A-908A-5078CF6E4A9A}
		{D82439D6-CBDB-4A30-8AFA-56755C8E57E6} = {3DA91724-AD81-414A-908A-5078CF6E4A9A}
		{ED8420C6-E9F4-4B00-878A-8302273C2B14} = {AA0D99D3-B60A-4482-8E6A-52E1BF7D09BD}
	EndGlobalSection
	GlobalSection(ExtensibilityGlobals) = postSolution
		SolutionGuid = {29A3D601-734E-4F1A-985F-8702C1A0C834}
	EndGlobalSection
EndGlobal
